// !$*UTF8*$!
{
	archiveVersion = 1;
	classes = {
	};
	objectVersion = 46;
	objects = {

/* Begin PBXBuildFile section */
		766237441C7D34B700C0BC11 /* Recipe+CoreDataProperties.swift in Sources */ = {isa = PBXBuildFile; fileRef = 766237421C7D34B700C0BC11 /* Recipe+CoreDataProperties.swift */; settings = {ASSET_TAGS = (); }; };
		766237451C7D34B700C0BC11 /* Recipe.swift in Sources */ = {isa = PBXBuildFile; fileRef = 766237431C7D34B700C0BC11 /* Recipe.swift */; settings = {ASSET_TAGS = (); }; };
		766237491C7D393600C0BC11 /* RecipeCell.swift in Sources */ = {isa = PBXBuildFile; fileRef = 766237481C7D393600C0BC11 /* RecipeCell.swift */; settings = {ASSET_TAGS = (); }; };
		76F258DF1C7BBAB300E3ACC4 /* AppDelegate.swift in Sources */ = {isa = PBXBuildFile; fileRef = 76F258DE1C7BBAB300E3ACC4 /* AppDelegate.swift */; };
		76F258E11C7BBAB300E3ACC4 /* ViewController.swift in Sources */ = {isa = PBXBuildFile; fileRef = 76F258E01C7BBAB300E3ACC4 /* ViewController.swift */; };
		76F258E41C7BBAB300E3ACC4 /* Main.storyboard in Resources */ = {isa = PBXBuildFile; fileRef = 76F258E21C7BBAB300E3ACC4 /* Main.storyboard */; };
		76F258E71C7BBAB300E3ACC4 /* recipez.xcdatamodeld in Sources */ = {isa = PBXBuildFile; fileRef = 76F258E51C7BBAB300E3ACC4 /* recipez.xcdatamodeld */; };
		76F258E91C7BBAB300E3ACC4 /* Assets.xcassets in Resources */ = {isa = PBXBuildFile; fileRef = 76F258E81C7BBAB300E3ACC4 /* Assets.xcassets */; };
		76F258EC1C7BBAB300E3ACC4 /* LaunchScreen.storyboard in Resources */ = {isa = PBXBuildFile; fileRef = 76F258EA1C7BBAB300E3ACC4 /* LaunchScreen.storyboard */; };
/* End PBXBuildFile section */

/* Begin PBXFileReference section */
		766237421C7D34B700C0BC11 /* Recipe+CoreDataProperties.swift */ = {isa = PBXFileReference; fileEncoding = 4; lastKnownFileType = sourcecode.swift; name = "Recipe+CoreDataProperties.swift"; path = "../Recipe+CoreDataProperties.swift"; sourceTree = "<group>"; };
		766237431C7D34B700C0BC11 /* Recipe.swift */ = {isa = PBXFileReference; fileEncoding = 4; lastKnownFileType = sourcecode.swift; name = Recipe.swift; path = ../Recipe.swift; sourceTree = "<group>"; };
		766237481C7D393600C0BC11 /* RecipeCell.swift */ = {isa = PBXFileReference; fileEncoding = 4; lastKnownFileType = sourcecode.swift; path = RecipeCell.swift; sourceTree = "<group>"; };
		76F258DB1C7BBAB300E3ACC4 /* recipez.app */ = {isa = PBXFileReference; explicitFileType = wrapper.application; includeInIndex = 0; path = recipez.app; sourceTree = BUILT_PRODUCTS_DIR; };
		76F258DE1C7BBAB300E3ACC4 /* AppDelegate.swift */ = {isa = PBXFileReference; lastKnownFileType = sourcecode.swift; path = AppDelegate.swift; sourceTree = "<group>"; };
		76F258E01C7BBAB300E3ACC4 /* ViewController.swift */ = {isa = PBXFileReference; lastKnownFileType = sourcecode.swift; path = ViewController.swift; sourceTree = "<group>"; };
		76F258E31C7BBAB300E3ACC4 /* Base */ = {isa = PBXFileReference; lastKnownFileType = file.storyboard; name = Base; path = Base.lproj/Main.storyboard; sourceTree = "<group>"; };
		76F258E61C7BBAB300E3ACC4 /* recipez.xcdatamodel */ = {isa = PBXFileReference; lastKnownFileType = wrapper.xcdatamodel; path = recipez.xcdatamodel; sourceTree = "<group>"; };
		76F258E81C7BBAB300E3ACC4 /* Assets.xcassets */ = {isa = PBXFileReference; lastKnownFileType = folder.assetcatalog; path = Assets.xcassets; sourceTree = "<group>"; };
		76F258EB1C7BBAB300E3ACC4 /* Base */ = {isa = PBXFileReference; lastKnownFileType = file.storyboard; name = Base; path = Base.lproj/LaunchScreen.storyboard; sourceTree = "<group>"; };
		76F258ED1C7BBAB300E3ACC4 /* Info.plist */ = {isa = PBXFileReference; lastKnownFileType = text.plist.xml; path = Info.plist; sourceTree = "<group>"; };
/* End PBXFileReference section */

/* Begin PBXFrameworksBuildPhase section */
		76F258D81C7BBAB300E3ACC4 /* Frameworks */ = {
			isa = PBXFrameworksBuildPhase;
			buildActionMask = 2147483647;
			files = (
			);
			runOnlyForDeploymentPostprocessing = 0;
		};
/* End PBXFrameworksBuildPhase section */

/* Begin PBXGroup section */
		7662373F1C7D342000C0BC11 /* Model */ = {
			isa = PBXGroup;
			children = (
				766237421C7D34B700C0BC11 /* Recipe+CoreDataProperties.swift */,
				766237431C7D34B700C0BC11 /* Recipe.swift */,
			);
			name = Model;
			sourceTree = "<group>";
		};
		766237401C7D342E00C0BC11 /* View */ = {
			isa = PBXGroup;
			children = (
				76F258E21C7BBAB300E3ACC4 /* Main.storyboard */,
			);
			name = View;
			sourceTree = "<group>";
		};
		766237411C7D343C00C0BC11 /* Controller */ = {
			isa = PBXGroup;
			children = (
				76F258E01C7BBAB300E3ACC4 /* ViewController.swift */,
				766237481C7D393600C0BC11 /* RecipeCell.swift */,
			);
			name = Controller;
			sourceTree = "<group>";
		};
		76F258D21C7BBAB300E3ACC4 = {
			isa = PBXGroup;
			children = (
				76F258DD1C7BBAB300E3ACC4 /* recipez */,
				76F258DC1C7BBAB300E3ACC4 /* Products */,
			);
			sourceTree = "<group>";
		};
		76F258DC1C7BBAB300E3ACC4 /* Products */ = {
			isa = PBXGroup;
			children = (
				76F258DB1C7BBAB300E3ACC4 /* recipez.app */,
			);
			name = Products;
			sourceTree = "<group>";
		};
		76F258DD1C7BBAB300E3ACC4 /* recipez */ = {
			isa = PBXGroup;
			children = (
				766237411C7D343C00C0BC11 /* Controller */,
				7662373F1C7D342000C0BC11 /* Model */,
				766237401C7D342E00C0BC11 /* View */,
				76F258DE1C7BBAB300E3ACC4 /* AppDelegate.swift */,
				76F258E81C7BBAB300E3ACC4 /* Assets.xcassets */,
				76F258EA1C7BBAB300E3ACC4 /* LaunchScreen.storyboard */,
				76F258ED1C7BBAB300E3ACC4 /* Info.plist */,
				76F258E51C7BBAB300E3ACC4 /* recipez.xcdatamodeld */,
			);
			path = recipez;
			sourceTree = "<group>";
		};
/* End PBXGroup section */

/* Begin PBXNativeTarget section */
		76F258DA1C7BBAB300E3ACC4 /* recipez */ = {
			isa = PBXNativeTarget;
			buildConfigurationList = 76F258F01C7BBAB300E3ACC4 /* Build configuration list for PBXNativeTarget "recipez" */;
			buildPhases = (
				76F258D71C7BBAB300E3ACC4 /* Sources */,
				76F258D81C7BBAB300E3ACC4 /* Frameworks */,
				76F258D91C7BBAB300E3ACC4 /* Resources */,
			);
			buildRules = (
			);
			dependencies = (
			);
			name = recipez;
			productName = recipez;
			productReference = 76F258DB1C7BBAB300E3ACC4 /* recipez.app */;
			productType = "com.apple.product-type.application";
		};
/* End PBXNativeTarget section */

/* Begin PBXProject section */
		76F258D31C7BBAB300E3ACC4 /* Project object */ = {
			isa = PBXProject;
			attributes = {
				LastUpgradeCheck = 0700;
				ORGANIZATIONNAME = "Vu Dang";
				TargetAttributes = {
					76F258DA1C7BBAB300E3ACC4 = {
						CreatedOnToolsVersion = 7.0;
					};
				};
			};
			buildConfigurationList = 76F258D61C7BBAB300E3ACC4 /* Build configuration list for PBXProject "recipez" */;
			compatibilityVersion = "Xcode 3.2";
			developmentRegion = English;
			hasScannedForEncodings = 0;
			knownRegions = (
				en,
				Base,
			);
			mainGroup = 76F258D21C7BBAB300E3ACC4;
			productRefGroup = 76F258DC1C7BBAB300E3ACC4 /* Products */;
			projectDirPath = "";
			projectRoot = "";
			targets = (
				76F258DA1C7BBAB300E3ACC4 /* recipez */,
			);
		};
/* End PBXProject section */

/* Begin PBXResourcesBuildPhase section */
		76F258D91C7BBAB300E3ACC4 /* Resources */ = {
			isa = PBXResourcesBuildPhase;
			buildActionMask = 2147483647;
			files = (
				76F258EC1C7BBAB300E3ACC4 /* LaunchScreen.storyboard in Resources */,
				76F258E91C7BBAB300E3ACC4 /* Assets.xcassets in Resources */,
				76F258E41C7BBAB300E3ACC4 /* Main.storyboard in Resources */,
			);
			runOnlyForDeploymentPostprocessing = 0;
		};
/* End PBXResourcesBuildPhase section */

/* Begin PBXSourcesBuildPhase section */
		76F258D71C7BBAB300E3ACC4 /* Sources */ = {
			isa = PBXSourcesBuildPhase;
			buildActionMask = 2147483647;
			files = (
				76F258E11C7BBAB300E3ACC4 /* ViewController.swift in Sources */,
				766237441C7D34B700C0BC11 /* Recipe+CoreDataProperties.swift in Sources */,
				76F258DF1C7BBAB300E3ACC4 /* AppDelegate.swift in Sources */,
				766237491C7D393600C0BC11 /* RecipeCell.swift in Sources */,
				76F258E71C7BBAB300E3ACC4 /* recipez.xcdatamodeld in Sources */,
				766237451C7D34B700C0BC11 /* Recipe.swift in Sources */,
			);
			runOnlyForDeploymentPostprocessing = 0;
		};
/* End PBXSourcesBuildPhase section */

/* Begin PBXVariantGroup section */
		76F258E21C7BBAB300E3ACC4 /* Main.storyboard */ = {
			isa = PBXVariantGroup;
			children = (
				76F258E31C7BBAB300E3ACC4 /* Base */,
			);
			name = Main.storyboard;
			sourceTree = "<group>";
		};
		76F258EA1C7BBAB300E3ACC4 /* LaunchScreen.storyboard */ = {
			isa = PBXVariantGroup;
			children = (
				76F258EB1C7BBAB300E3ACC4 /* Base */,
			);
			name = LaunchScreen.storyboard;
			sourceTree = "<group>";
		};
/* End PBXVariantGroup section */

/* Begin XCBuildConfiguration section */
		76F258EE1C7BBAB300E3ACC4 /* Debug */ = {
			isa = XCBuildConfiguration;
			buildSettings = {
				ALWAYS_SEARCH_USER_PATHS = NO;
				CLANG_CXX_LANGUAGE_STANDARD = "gnu++0x";
				CLANG_CXX_LIBRARY = "libc++";
				CLANG_ENABLE_MODULES = YES;
				CLANG_ENABLE_OBJC_ARC = YES;
				CLANG_WARN_BOOL_CONVERSION = YES;
				CLANG_WARN_CONSTANT_CONVERSION = YES;
				CLANG_WARN_DIRECT_OBJC_ISA_USAGE = YES_ERROR;
				CLANG_WARN_EMPTY_BODY = YES;
				CLANG_WARN_ENUM_CONVERSION = YES;
				CLANG_WARN_INT_CONVERSION = YES;
				CLANG_WARN_OBJC_ROOT_CLASS = YES_ERROR;
				CLANG_WARN_UNREACHABLE_CODE = YES;
				CLANG_WARN__DUPLICATE_METHOD_MATCH = YES;
				"CODE_SIGN_IDENTITY[sdk=iphoneos*]" = "iPhone Developer";
				COPY_PHASE_STRIP = NO;
				DEBUG_INFORMATION_FORMAT = dwarf;
				ENABLE_STRICT_OBJC_MSGSEND = YES;
				ENABLE_TESTABILITY = YES;
				GCC_C_LANGUAGE_STANDARD = gnu99;
				GCC_DYNAMIC_NO_PIC = NO;
				GCC_NO_COMMON_BLOCKS = YES;
				GCC_OPTIMIZATION_LEVEL = 0;
				GCC_PREPROCESSOR_DEFINITIONS = (
					"DEBUG=1",
					"$(inherited)",
				);
				GCC_WARN_64_TO_32_BIT_CONVERSION = YES;
				GCC_WARN_ABOUT_RETURN_TYPE = YES_ERROR;
				GCC_WARN_UNDECLARED_SELECTOR = YES;
				GCC_WARN_UNINITIALIZED_AUTOS = YES_AGGRESSIVE;
				GCC_WARN_UNUSED_FUNCTION = YES;
				GCC_WARN_UNUSED_VARIABLE = YES;
				IPHONEOS_DEPLOYMENT_TARGET = 9.0;
				MTL_ENABLE_DEBUG_INFO = YES;
				ONLY_ACTIVE_ARCH = YES;
				SDKROOT = iphoneos;
				SWIFT_OPTIMIZATION_LEVEL = "-Onone";
				TARGETED_DEVICE_FAMILY = "1,2";
			};
			name = Debug;
		};
		76F258EF1C7BBAB300E3ACC4 /* Release */ = {
			isa = XCBuildConfiguration;
			buildSettings = {
				ALWAYS_SEARCH_USER_PATHS = NO;
				CLANG_CXX_LANGUAGE_STANDARD = "gnu++0x";
				CLANG_CXX_LIBRARY = "libc++";
				CLANG_ENABLE_MODULES = YES;
				CLANG_ENABLE_OBJC_ARC = YES;
				CLANG_WARN_BOOL_CONVERSION = YES;
				CLANG_WARN_CONSTANT_CONVERSION = YES;
				CLANG_WARN_DIRECT_OBJC_ISA_USAGE = YES_ERROR;
				CLANG_WARN_EMPTY_BODY = YES;
				CLANG_WARN_ENUM_CONVERSION = YES;
				CLANG_WARN_INT_CONVERSION = YES;
				CLANG_WARN_OBJC_ROOT_CLASS = YES_ERROR;
				CLANG_WARN_UNREACHABLE_CODE = YES;
				CLANG_WARN__DUPLICATE_METHOD_MATCH = YES;
				"CODE_SIGN_IDENTITY[sdk=iphoneos*]" = "iPhone Developer";
				COPY_PHASE_STRIP = NO;
				DEBUG_INFORMATION_FORMAT = "dwarf-with-dsym";
				ENABLE_NS_ASSERTIONS = NO;
				ENABLE_STRICT_OBJC_MSGSEND = YES;
				GCC_C_LANGUAGE_STANDARD = gnu99;
				GCC_NO_COMMON_BLOCKS = YES;
				GCC_WARN_64_TO_32_BIT_CONVERSION = YES;
				GCC_WARN_ABOUT_RETURN_TYPE = YES_ERROR;
				GCC_WARN_UNDECLARED_SELECTOR = YES;
				GCC_WARN_UNINITIALIZED_AUTOS = YES_AGGRESSIVE;
				GCC_WARN_UNUSED_FUNCTION = YES;
				GCC_WARN_UNUSED_VARIABLE = YES;
				IPHONEOS_DEPLOYMENT_TARGET = 9.0;
				MTL_ENABLE_DEBUG_INFO = NO;
				SDKROOT = iphoneos;
				TARGETED_DEVICE_FAMILY = "1,2";
				VALIDATE_PRODUCT = YES;
			};
			name = Release;
		};
		76F258F11C7BBAB300E3ACC4 /* Debug */ = {
			isa = XCBuildConfiguration;
			buildSettings = {
				ASSETCATALOG_COMPILER_APPICON_NAME = AppIcon;
				INFOPLIST_FILE = recipez/Info.plist;
				LD_RUNPATH_SEARCH_PATHS = "$(inherited) @executable_path/Frameworks";
				PRODUCT_BUNDLE_IDENTIFIER = neomadgic.recipez;
				PRODUCT_NAME = "$(TARGET_NAME)";
			};
			name = Debug;
		};
		76F258F21C7BBAB300E3ACC4 /* Release */ = {
			isa = XCBuildConfiguration;
			buildSettings = {
				ASSETCATALOG_COMPILER_APPICON_NAME = AppIcon;
				INFOPLIST_FILE = recipez/Info.plist;
				LD_RUNPATH_SEARCH_PATHS = "$(inherited) @executable_path/Frameworks";
				PRODUCT_BUNDLE_IDENTIFIER = neomadgic.recipez;
				PRODUCT_NAME = "$(TARGET_NAME)";
			};
			name = Release;
		};
/* End XCBuildConfiguration section */

/* Begin XCConfigurationList section */
		76F258D61C7BBAB300E3ACC4 /* Build configuration list for PBXProject "recipez" */ = {
			isa = XCConfigurationList;
			buildConfigurations = (
				76F258EE1C7BBAB300E3ACC4 /* Debug */,
				76F258EF1C7BBAB300E3ACC4 /* Release */,
			);
			defaultConfigurationIsVisible = 0;
			defaultConfigurationName = Release;
		};
		76F258F01C7BBAB300E3ACC4 /* Build configuration list for PBXNativeTarget "recipez" */ = {
			isa = XCConfigurationList;
			buildConfigurations = (
				76F258F11C7BBAB300E3ACC4 /* Debug */,
				76F258F21C7BBAB300E3ACC4 /* Release */,
			);
			defaultConfigurationIsVisible = 0;
			defaultConfigurationName = Release;
		};
/* End XCConfigurationList section */

/* Begin XCVersionGroup section */
		76F258E51C7BBAB300E3ACC4 /* recipez.xcdatamodeld */ = {
			isa = XCVersionGroup;
			children = (
				76F258E61C7BBAB300E3ACC4 /* recipez.xcdatamodel */,
			);
			currentVersion = 76F258E61C7BBAB300E3ACC4 /* recipez.xcdatamodel */;
			path = recipez.xcdatamodeld;
			sourceTree = "<group>";
			versionGroupType = wrapper.xcdatamodel;
		};
/* End XCVersionGroup section */
	};
	rootObject = 76F258D31C7BBAB300E3ACC4 /* Project object */;
}
